
Microsoft Visual Studio Solution File, Format Version 12.00
# Visual Studio 15
VisualStudioVersion = 15.0.28307.1300
MinimumVisualStudioVersion = 10.0.40219.1
Project("{FAE04EC0-301F-11D3-BF4B-00C04F79EFBC}") = "Metrics_Project", "Metrics_Project\Metrics_Project.csproj", "{C0F518F4-8AD8-4607-98A4-65261FBCCFDE}"
EndProject
Global
	GlobalSection(SolutionConfigurationPlatforms) = preSolution
		Debug|Any CPU = Debug|Any CPU
		Release|Any CPU = Release|Any CPU
	EndGlobalSection
	GlobalSection(ProjectConfigurationPlatforms) = postSolution
		{C0F518F4-8AD8-4607-98A4-65261FBCCFDE}.Debug|Any CPU.ActiveCfg = Debug|Any CPU
		{C0F518F4-8AD8-4607-98A4-65261FBCCFDE}.Debug|Any CPU.Build.0 = Debug|Any CPU
		{C0F518F4-8AD8-4607-98A4-65261FBCCFDE}.Release|Any CPU.ActiveCfg = Release|Any CPU
		{C0F518F4-8AD8-4607-98A4-65261FBCCFDE}.Release|Any CPU.Build.0 = Release|Any CPU
	EndGlobalSection
	GlobalSection(SolutionProperties) = preSolution
		HideSolutionNode = FALSE
	EndGlobalSection
	GlobalSection(ExtensibilityGlobals) = postSolution
		SolutionGuid = {3D74AA9A-124D-45C2-8C70-E4CF3DDC8DBB}
	EndGlobalSection
EndGlobal
